
Microsoft Visual Studio Solution File, Format Version 12.00
# Visual Studio 15
VisualStudioVersion = 15.0.27428.2015
MinimumVisualStudioVersion = 10.0.40219.1
Project("{8BC9CEB8-8B4A-11D0-8D11-00A0C91BC942}") = "Lab6", "Lab6\Lab6.vcxproj", "{DE5050E2-2581-4F6A-9041-D7110CAF3A44}"
EndProject
Global
	GlobalSection(SolutionConfigurationPlatforms) = preSolution
		Debug|x64 = Debug|x64
		Debug|x86 = Debug|x86
		Release|x64 = Release|x64
		Release|x86 = Release|x86
	EndGlobalSection
	GlobalSection(ProjectConfigurationPlatforms) = postSolution
		{DE5050E2-2581-4F6A-9041-D7110CAF3A44}.Debug|x64.ActiveCfg = Debug|x64
		{DE5050E2-2581-4F6A-9041-D7110CAF3A44}.Debug|x64.Build.0 = Debug|x64
		{DE5050E2-2581-4F6A-9041-D7110CAF3A44}.Debug|x86.ActiveCfg = Debug|Win32
		{DE5050E2-2581-4F6A-9041-D7110CAF3A44}.Debug|x86.Build.0 = Debug|Win32
		{DE5050E2-2581-4F6A-9041-D7110CAF3A44}.Release|x64.ActiveCfg = Release|x64
		{DE5050E2-2581-4F6A-9041-D7110CAF3A44}.Release|x64.Build.0 = Release|x64
		{DE5050E2-2581-4F6A-9041-D7110CAF3A44}.Release|x86.ActiveCfg = Release|Win32
		{DE5050E2-2581-4F6A-9041-D7110CAF3A44}.Release|x86.Build.0 = Release|Win32
	EndGlobalSection
	GlobalSection(SolutionProperties) = preSolution
		HideSolutionNode = FALSE
	EndGlobalSection
	GlobalSection(ExtensibilityGlobals) = postSolution
		SolutionGuid = {54E83363-EB4B-4F3A-9978-284D98703A27}
	EndGlobalSection
EndGlobal
